<?xml version="1.0" encoding="utf-8"?>
<Project ToolsVersion="4.0" xmlns="http://schemas.microsoft.com/developer/msbuild/2003">
  <ItemGroup>
    <Filter Include="Source Files">
      <UniqueIdentifier>{4FC737F1-C7A5-4376-A066-2A32D752A2FF}</UniqueIdentifier>
      <Extensions>cpp;c;cc;cxx;def;odl;idl;hpj;bat;asm;asmx</Extensions>
    </Filter>
    <Filter Include="Header Files">
      <UniqueIdentifier>{93995380-89BD-4b04-88EB-625FBE52EBFB}</UniqueIdentifier>
      <Extensions>h;hh;hpp;hxx;hm;inl;inc;ipp;xsd</Extensions>
    </Filter>
    <Filter Include="Resource Files">
      <UniqueIdentifier>{67DA6AB6-F800-4c08-8B7A-83BB121AAD01}</UniqueIdentifier>
      <Extensions>rc;ico;cur;bmp;dlg;rc2;rct;bin;rgs;gif;jpg;jpeg;jpe;resx;tiff;tif;png;wav;mfcribbon-ms</Extensions>
    </Filter>
    <Filter Include="engine">
      <UniqueIdentifier>{cfe37309-a1de-44eb-b4df-ae77f0895ff4}</UniqueIdentifier>
    </Filter>
    <Filter Include="engine\platforms">
      <UniqueIdentifier>{cc7371fe-a039-4fed-b052-980cf185eeda}</UniqueIdentifier>
    </Filter>
  </ItemGroup>
  <ItemGroup>
    <ClInclude Include="stdafx.h">
      <Filter>Header Files</Filter>
    </ClInclude>
    <ClInclude Include="targetver.h">
      <Filter>Header Files</Filter>
    </ClInclude>
    <ClInclude Include="Resource.h">
      <Filter>Header Files</Filter>
    </ClInclude>
    <ClInclude Include="..\..\..\engine\ConvertTool.h">
      <Filter>engine</Filter>
    </ClInclude>
    <ClInclude Include="..\..\..\engine\DataType.h">
      <Filter>engine</Filter>
    </ClInclude>
    <ClInclude Include="..\..\..\engine\Engine.h">
      <Filter>engine</Filter>
    </ClInclude>
    <ClInclude Include="..\..\..\engine\Macro.h">
      <Filter>engine</Filter>
    </ClInclude>
    <ClInclude Include="..\..\..\engine\SmartSwitchKey.h">
      <Filter>engine</Filter>
    </ClInclude>
    <ClInclude Include="..\..\..\engine\Vietnamese.h">
      <Filter>engine</Filter>
    </ClInclude>
    <ClInclude Include="AppDelegate.h">
      <Filter>Header Files</Filter>
    </ClInclude>
    <ClInclude Include="BaseDialog.h">
      <Filter>Header Files</Filter>
    </ClInclude>
    <ClInclude Include="MainControlDialog.h">
      <Filter>Header Files</Filter>
    </ClInclude>
    <ClInclude Include="OpenKeyManager.h">
      <Filter>Header Files</Filter>
    </ClInclude>
    <ClInclude Include="..\..\..\engine\platforms\mac.h">
      <Filter>engine\platforms</Filter>
    </ClInclude>
    <ClInclude Include="..\..\..\engine\platforms\linux.h">
      <Filter>engine\platforms</Filter>
    </ClInclude>
    <ClInclude Include="..\..\..\engine\platforms\win32.h">
      <Filter>engine\platforms</Filter>
    </ClInclude>
    <ClInclude Include="OpenKeyHelper.h">
      <Filter>Header Files</Filter>
    </ClInclude>
    <ClInclude Include="SystemTrayHelper.h">
      <Filter>Header Files</Filter>
    </ClInclude>
    <ClInclude Include="AboutDialog.h">
      <Filter>Header Files</Filter>
    </ClInclude>
    <ClInclude Include="ConvertToolDialog.h">
      <Filter>Header Files</Filter>
    </ClInclude>
    <ClInclude Include="MacroDialog.h">
      <Filter>Header Files</Filter>
    </ClInclude>
  </ItemGroup>
  <ItemGroup>
    <ClCompile Include="stdafx.cpp">
      <Filter>Source Files</Filter>
    </ClCompile>
    <ClCompile Include="main.cpp">
      <Filter>Source Files</Filter>
    </ClCompile>
    <ClCompile Include="..\..\..\engine\ConvertTool.cpp">
      <Filter>engine</Filter>
    </ClCompile>
    <ClCompile Include="..\..\..\engine\Engine.cpp">
      <Filter>engine</Filter>
    </ClCompile>
    <ClCompile Include="..\..\..\engine\Macro.cpp">
      <Filter>engine</Filter>
    </ClCompile>
    <ClCompile Include="..\..\..\engine\SmartSwitchKey.cpp">
      <Filter>engine</Filter>
    </ClCompile>
    <ClCompile Include="..\..\..\engine\Vietnamese.cpp">
      <Filter>engine</Filter>
    </ClCompile>
    <ClCompile Include="AppDelegate.cpp">
      <Filter>Source Files</Filter>
    </ClCompile>
    <ClCompile Include="BaseDialog.cpp">
      <Filter>Source Files</Filter>
    </ClCompile>
    <ClCompile Include="MainControlDialog.cpp">
      <Filter>Source Files</Filter>
    </ClCompile>
    <ClCompile Include="OpenKeyManager.cpp">
      <Filter>Source Files</Filter>
    </ClCompile>
    <ClCompile Include="OpenKey.cpp">
      <Filter>Source Files</Filter>
    </ClCompile>
    <ClCompile Include="OpenKeyHelper.cpp">
      <Filter>Source Files</Filter>
    </ClCompile>
    <ClCompile Include="SystemTrayHelper.cpp">
      <Filter>Source Files</Filter>
    </ClCompile>
    <ClCompile Include="AboutDialog.cpp">
      <Filter>Source Files</Filter>
    </ClCompile>
    <ClCompile Include="ConvertToolDialog.cpp">
      <Filter>Source Files</Filter>
    </ClCompile>
    <ClCompile Include="MacroDialog.cpp">
      <Filter>Source Files</Filter>
    </ClCompile>
  </ItemGroup>
  <ItemGroup>
    <ResourceCompile Include="OpenKey.rc">
      <Filter>Resource Files</Filter>
    </ResourceCompile>
  </ItemGroup>
  <ItemGroup>
    <Image Include="icon.ico">
      <Filter>Resource Files</Filter>
    </Image>
    <Image Include="StatusViet.ico">
      <Filter>Resource Files</Filter>
    </Image>
    <Image Include="StatusEng.ico">
      <Filter>Resource Files</Filter>
    </Image>
    <Image Include="StatusViet10.ico">
      <Filter>Resource Files</Filter>
    </Image>
    <Image Include="StatusEng10.ico">
      <Filter>Resource Files</Filter>
    </Image>
    <Image Include="OKButton.ico">
      <Filter>Resource Files</Filter>
    </Image>
    <Image Include="ExitButton.ico">
      <Filter>Resource Files</Filter>
    </Image>
    <Image Include="DefaultButton.ico">
      <Filter>Resource Files</Filter>
    </Image>
    <Image Include="StartConvert.ico">
      <Filter>Resource Files</Filter>
    </Image>
  </ItemGroup>
  <ItemGroup>
    <Manifest Include="DeclareDPIAware.manifest" />
    <Manifest Include="Style.manifest" />
  </ItemGroup>
</Project>